
Microsoft Visual Studio Solution File, Format Version 12.00
# Visual Studio Version 17
VisualStudioVersion = 17.0.32014.148
MinimumVisualStudioVersion = 10.0.40219.1
Project("{FAE04EC0-301F-11D3-BF4B-00C04F79EFBC}") = "GemiddeldeVan3", "DataOef\GemiddeldeVan3.csproj", "{7495338A-7EB5-4694-A5AB-AC0A02634E40}"
EndProject
Project("{FAE04EC0-301F-11D3-BF4B-00C04F79EFBC}") = "GeometricFun", "GeometricFun\GeometricFun.csproj", "{7EAA40C9-8F64-4232-B6DE-A79A09B7489D}"
EndProject
Project("{FAE04EC0-301F-11D3-BF4B-00C04F79EFBC}") = "OpDePoef", "OpDePoef\OpDePoef.csproj", "{F6BD1FB0-D6F2-4F99-95E0-DB761F1CB32B}"
EndProject
Project("{FAE04EC0-301F-11D3-BF4B-00C04F79EFBC}") = "Feestkassa", "Feestkassa\Feestkassa.csproj", "{C2053864-795E-4F79-B1BC-4CDDF6CA8ECE}"
EndProject
Project("{FAE04EC0-301F-11D3-BF4B-00C04F79EFBC}") = "OrakelVanDelphi", "OrakelVanDelphi\OrakelVanDelphi.csproj", "{9E4AFA44-9E5F-43D2-A4F9-D7925A4DE579}"
EndProject
Project("{FAE04EC0-301F-11D3-BF4B-00C04F79EFBC}") = "DoubleInteger", "..\ConsoleApp4\ConsoleApp4\DoubleInteger.csproj", "{33FA53E9-DF1D-491F-BD5F-EF22C2AAE31B}"
EndProject
Project("{FAE04EC0-301F-11D3-BF4B-00C04F79EFBC}") = "BMI", "BMI\BMI.csproj", "{DBFF3BBE-EEED-4952-A952-958BACFA03E2}"
EndProject
Project("{FAE04EC0-301F-11D3-BF4B-00C04F79EFBC}") = "Quiz", "Quiz\Quiz.csproj", "{BF24AF87-8CF7-4C1C-9845-6BD6B0F098DE}"
EndProject
Project("{FAE04EC0-301F-11D3-BF4B-00C04F79EFBC}") = "EnumSeizoenen", "EnumSeizoenen\EnumSeizoenen.csproj", "{84FD4632-F2AC-4D82-9CC9-F81979D40CB7}"
EndProject
Project("{FAE04EC0-301F-11D3-BF4B-00C04F79EFBC}") = "Euler", "Euler\Euler.csproj", "{44826E5B-068A-43F5-ACC3-8C4B032CB07D}"
EndProject
Project("{FAE04EC0-301F-11D3-BF4B-00C04F79EFBC}") = "Boekhouder", "Boekhouder\Boekhouder.csproj", "{4E0F86E0-0C4D-4DF4-BCC9-C12384C4601F}"
EndProject
Project("{FAE04EC0-301F-11D3-BF4B-00C04F79EFBC}") = "RaadHetGetal", "RaadHetGetal\RaadHetGetal.csproj", "{C355B918-04E7-4F85-9D1E-6D7DE12641B5}"
EndProject
Project("{FAE04EC0-301F-11D3-BF4B-00C04F79EFBC}") = "SteenSchaarPapier", "SteenSchaarPapier\SteenSchaarPapier.csproj", "{CBAC3666-30B6-4E71-8453-C113123108BB}"
EndProject
Project("{FAE04EC0-301F-11D3-BF4B-00C04F79EFBC}") = "VraagArray", "VraagArray\VraagArray.csproj", "{1A61119E-9C5E-4CB7-A317-D50E1B0706D6}"
EndProject
Project("{FAE04EC0-301F-11D3-BF4B-00C04F79EFBC}") = "LeveringsBedrijf", "LeveringsBedrijf\LeveringsBedrijf.csproj", "{EAF8517C-BF8E-4597-8805-9E049504DA83}"
EndProject
Project("{FAE04EC0-301F-11D3-BF4B-00C04F79EFBC}") = "CaesarEncryptie", "CaesarEncryptie\CaesarEncryptie.csproj", "{A093F54F-5011-4D65-9A95-C55E22FA1A91}"
EndProject
Project("{FAE04EC0-301F-11D3-BF4B-00C04F79EFBC}") = "FilmDefault", "FilmDefault\FilmDefault.csproj", "{CDFB79F6-1EE2-4D51-B873-0CFD20C33C08}"
EndProject
Project("{FAE04EC0-301F-11D3-BF4B-00C04F79EFBC}") = "MuziekEnMethodenOpgave", "MuziekEnMethodenOpgave1\MuziekEnMethodenOpgave.csproj", "{EC2E5F2E-CD71-4F88-8E84-FE24BC6E6B27}"
EndProject
Global
	GlobalSection(SolutionConfigurationPlatforms) = preSolution
		Debug|Any CPU = Debug|Any CPU
		Release|Any CPU = Release|Any CPU
	EndGlobalSection
	GlobalSection(ProjectConfigurationPlatforms) = postSolution
		{7495338A-7EB5-4694-A5AB-AC0A02634E40}.Debug|Any CPU.ActiveCfg = Debug|Any CPU
		{7495338A-7EB5-4694-A5AB-AC0A02634E40}.Debug|Any CPU.Build.0 = Debug|Any CPU
		{7495338A-7EB5-4694-A5AB-AC0A02634E40}.Release|Any CPU.ActiveCfg = Release|Any CPU
		{7495338A-7EB5-4694-A5AB-AC0A02634E40}.Release|Any CPU.Build.0 = Release|Any CPU
		{7EAA40C9-8F64-4232-B6DE-A79A09B7489D}.Debug|Any CPU.ActiveCfg = Debug|Any CPU
		{7EAA40C9-8F64-4232-B6DE-A79A09B7489D}.Debug|Any CPU.Build.0 = Debug|Any CPU
		{7EAA40C9-8F64-4232-B6DE-A79A09B7489D}.Release|Any CPU.ActiveCfg = Release|Any CPU
		{7EAA40C9-8F64-4232-B6DE-A79A09B7489D}.Release|Any CPU.Build.0 = Release|Any CPU
		{F6BD1FB0-D6F2-4F99-95E0-DB761F1CB32B}.Debug|Any CPU.ActiveCfg = Debug|Any CPU
		{F6BD1FB0-D6F2-4F99-95E0-DB761F1CB32B}.Debug|Any CPU.Build.0 = Debug|Any CPU
		{F6BD1FB0-D6F2-4F99-95E0-DB761F1CB32B}.Release|Any CPU.ActiveCfg = Release|Any CPU
		{F6BD1FB0-D6F2-4F99-95E0-DB761F1CB32B}.Release|Any CPU.Build.0 = Release|Any CPU
		{C2053864-795E-4F79-B1BC-4CDDF6CA8ECE}.Debug|Any CPU.ActiveCfg = Debug|Any CPU
		{C2053864-795E-4F79-B1BC-4CDDF6CA8ECE}.Debug|Any CPU.Build.0 = Debug|Any CPU
		{C2053864-795E-4F79-B1BC-4CDDF6CA8ECE}.Release|Any CPU.ActiveCfg = Release|Any CPU
		{C2053864-795E-4F79-B1BC-4CDDF6CA8ECE}.Release|Any CPU.Build.0 = Release|Any CPU
		{9E4AFA44-9E5F-43D2-A4F9-D7925A4DE579}.Debug|Any CPU.ActiveCfg = Debug|Any CPU
		{9E4AFA44-9E5F-43D2-A4F9-D7925A4DE579}.Debug|Any CPU.Build.0 = Debug|Any CPU
		{9E4AFA44-9E5F-43D2-A4F9-D7925A4DE579}.Release|Any CPU.ActiveCfg = Release|Any CPU
		{9E4AFA44-9E5F-43D2-A4F9-D7925A4DE579}.Release|Any CPU.Build.0 = Release|Any CPU
		{33FA53E9-DF1D-491F-BD5F-EF22C2AAE31B}.Debug|Any CPU.ActiveCfg = Debug|Any CPU
		{33FA53E9-DF1D-491F-BD5F-EF22C2AAE31B}.Debug|Any CPU.Build.0 = Debug|Any CPU
		{33FA53E9-DF1D-491F-BD5F-EF22C2AAE31B}.Release|Any CPU.ActiveCfg = Release|Any CPU
		{33FA53E9-DF1D-491F-BD5F-EF22C2AAE31B}.Release|Any CPU.Build.0 = Release|Any CPU
		{DBFF3BBE-EEED-4952-A952-958BACFA03E2}.Debug|Any CPU.ActiveCfg = Debug|Any CPU
		{DBFF3BBE-EEED-4952-A952-958BACFA03E2}.Debug|Any CPU.Build.0 = Debug|Any CPU
		{DBFF3BBE-EEED-4952-A952-958BACFA03E2}.Release|Any CPU.ActiveCfg = Release|Any CPU
		{DBFF3BBE-EEED-4952-A952-958BACFA03E2}.Release|Any CPU.Build.0 = Release|Any CPU
		{BF24AF87-8CF7-4C1C-9845-6BD6B0F098DE}.Debug|Any CPU.ActiveCfg = Debug|Any CPU
		{BF24AF87-8CF7-4C1C-9845-6BD6B0F098DE}.Debug|Any CPU.Build.0 = Debug|Any CPU
		{BF24AF87-8CF7-4C1C-9845-6BD6B0F098DE}.Release|Any CPU.ActiveCfg = Release|Any CPU
		{BF24AF87-8CF7-4C1C-9845-6BD6B0F098DE}.Release|Any CPU.Build.0 = Release|Any CPU
		{84FD4632-F2AC-4D82-9CC9-F81979D40CB7}.Debug|Any CPU.ActiveCfg = Debug|Any CPU
		{84FD4632-F2AC-4D82-9CC9-F81979D40CB7}.Debug|Any CPU.Build.0 = Debug|Any CPU
		{84FD4632-F2AC-4D82-9CC9-F81979D40CB7}.Release|Any CPU.ActiveCfg = Release|Any CPU
		{84FD4632-F2AC-4D82-9CC9-F81979D40CB7}.Release|Any CPU.Build.0 = Release|Any CPU
		{44826E5B-068A-43F5-ACC3-8C4B032CB07D}.Debug|Any CPU.ActiveCfg = Debug|Any CPU
		{44826E5B-068A-43F5-ACC3-8C4B032CB07D}.Debug|Any CPU.Build.0 = Debug|Any CPU
		{44826E5B-068A-43F5-ACC3-8C4B032CB07D}.Release|Any CPU.ActiveCfg = Release|Any CPU
		{44826E5B-068A-43F5-ACC3-8C4B032CB07D}.Release|Any CPU.Build.0 = Release|Any CPU
		{4E0F86E0-0C4D-4DF4-BCC9-C12384C4601F}.Debug|Any CPU.ActiveCfg = Debug|Any CPU
		{4E0F86E0-0C4D-4DF4-BCC9-C12384C4601F}.Debug|Any CPU.Build.0 = Debug|Any CPU
		{4E0F86E0-0C4D-4DF4-BCC9-C12384C4601F}.Release|Any CPU.ActiveCfg = Release|Any CPU
		{4E0F86E0-0C4D-4DF4-BCC9-C12384C4601F}.Release|Any CPU.Build.0 = Release|Any CPU
		{C355B918-04E7-4F85-9D1E-6D7DE12641B5}.Debug|Any CPU.ActiveCfg = Debug|Any CPU
		{C355B918-04E7-4F85-9D1E-6D7DE12641B5}.Debug|Any CPU.Build.0 = Debug|Any CPU
		{C355B918-04E7-4F85-9D1E-6D7DE12641B5}.Release|Any CPU.ActiveCfg = Release|Any CPU
		{C355B918-04E7-4F85-9D1E-6D7DE12641B5}.Release|Any CPU.Build.0 = Release|Any CPU
		{CBAC3666-30B6-4E71-8453-C113123108BB}.Debug|Any CPU.ActiveCfg = Debug|Any CPU
		{CBAC3666-30B6-4E71-8453-C113123108BB}.Debug|Any CPU.Build.0 = Debug|Any CPU
		{CBAC3666-30B6-4E71-8453-C113123108BB}.Release|Any CPU.ActiveCfg = Release|Any CPU
		{CBAC3666-30B6-4E71-8453-C113123108BB}.Release|Any CPU.Build.0 = Release|Any CPU
		{1A61119E-9C5E-4CB7-A317-D50E1B0706D6}.Debug|Any CPU.ActiveCfg = Debug|Any CPU
		{1A61119E-9C5E-4CB7-A317-D50E1B0706D6}.Debug|Any CPU.Build.0 = Debug|Any CPU
		{1A61119E-9C5E-4CB7-A317-D50E1B0706D6}.Release|Any CPU.ActiveCfg = Release|Any CPU
		{1A61119E-9C5E-4CB7-A317-D50E1B0706D6}.Release|Any CPU.Build.0 = Release|Any CPU
		{EAF8517C-BF8E-4597-8805-9E049504DA83}.Debug|Any CPU.ActiveCfg = Debug|Any CPU
		{EAF8517C-BF8E-4597-8805-9E049504DA83}.Debug|Any CPU.Build.0 = Debug|Any CPU
		{EAF8517C-BF8E-4597-8805-9E049504DA83}.Release|Any CPU.ActiveCfg = Release|Any CPU
		{EAF8517C-BF8E-4597-8805-9E049504DA83}.Release|Any CPU.Build.0 = Release|Any CPU
		{A093F54F-5011-4D65-9A95-C55E22FA1A91}.Debug|Any CPU.ActiveCfg = Debug|Any CPU
		{A093F54F-5011-4D65-9A95-C55E22FA1A91}.Debug|Any CPU.Build.0 = Debug|Any CPU
		{A093F54F-5011-4D65-9A95-C55E22FA1A91}.Release|Any CPU.ActiveCfg = Release|Any CPU
		{A093F54F-5011-4D65-9A95-C55E22FA1A91}.Release|Any CPU.Build.0 = Release|Any CPU
		{CDFB79F6-1EE2-4D51-B873-0CFD20C33C08}.Debug|Any CPU.ActiveCfg = Debug|Any CPU
		{CDFB79F6-1EE2-4D51-B873-0CFD20C33C08}.Debug|Any CPU.Build.0 = Debug|Any CPU
		{CDFB79F6-1EE2-4D51-B873-0CFD20C33C08}.Release|Any CPU.ActiveCfg = Release|Any CPU
		{CDFB79F6-1EE2-4D51-B873-0CFD20C33C08}.Release|Any CPU.Build.0 = Release|Any CPU
		{EC2E5F2E-CD71-4F88-8E84-FE24BC6E6B27}.Debug|Any CPU.ActiveCfg = Debug|Any CPU
		{EC2E5F2E-CD71-4F88-8E84-FE24BC6E6B27}.Debug|Any CPU.Build.0 = Debug|Any CPU
		{EC2E5F2E-CD71-4F88-8E84-FE24BC6E6B27}.Release|Any CPU.ActiveCfg = Release|Any CPU
		{EC2E5F2E-CD71-4F88-8E84-FE24BC6E6B27}.Release|Any CPU.Build.0 = Release|Any CPU
	EndGlobalSection
	GlobalSection(SolutionProperties) = preSolution
		HideSolutionNode = FALSE
	EndGlobalSection
	GlobalSection(ExtensibilityGlobals) = postSolution
		SolutionGuid = {5FC89424-6AD0-4EAD-B05E-DA685255FD34}
	EndGlobalSection
EndGlobal
